
Microsoft Visual Studio Solution File, Format Version 12.00
# Visual Studio Version 16
VisualStudioVersion = 16.0.30517.126
MinimumVisualStudioVersion = 10.0.40219.1
Project("{FAE04EC0-301F-11D3-BF4B-00C04F79EFBC}") = "newLaba3Vlad", "newLaba3Vlad\newLaba3Vlad.csproj", "{6190DC9F-C9BB-41F8-8E9B-04C24E5056BB}"
EndProject
Global
	GlobalSection(SolutionConfigurationPlatforms) = preSolution
		Debug|Any CPU = Debug|Any CPU
		Release|Any CPU = Release|Any CPU
	EndGlobalSection
	GlobalSection(ProjectConfigurationPlatforms) = postSolution
		{6190DC9F-C9BB-41F8-8E9B-04C24E5056BB}.Debug|Any CPU.ActiveCfg = Debug|Any CPU
		{6190DC9F-C9BB-41F8-8E9B-04C24E5056BB}.Debug|Any CPU.Build.0 = Debug|Any CPU
		{6190DC9F-C9BB-41F8-8E9B-04C24E5056BB}.Release|Any CPU.ActiveCfg = Release|Any CPU
		{6190DC9F-C9BB-41F8-8E9B-04C24E5056BB}.Release|Any CPU.Build.0 = Release|Any CPU
	EndGlobalSection
	GlobalSection(SolutionProperties) = preSolution
		HideSolutionNode = FALSE
	EndGlobalSection
	GlobalSection(ExtensibilityGlobals) = postSolution
		SolutionGuid = {F0903802-9E76-4AEA-8E8F-CE3FD32371DA}
	EndGlobalSection
EndGlobal
